
Microsoft Visual Studio Solution File, Format Version 12.00
# Visual Studio Version 16
VisualStudioVersion = 16.0.31025.194
MinimumVisualStudioVersion = 10.0.40219.1
Project("{FAE04EC0-301F-11D3-BF4B-00C04F79EFBC}") = "StarcraftBuildManager", "StarcraftBuildManager\StarcraftBuildManager.csproj", "{9A3C2A23-27EE-4F5F-BBAD-07F7CB085A4E}"
EndProject
Global
	GlobalSection(SolutionConfigurationPlatforms) = preSolution
		Debug|Any CPU = Debug|Any CPU
		Release|Any CPU = Release|Any CPU
	EndGlobalSection
	GlobalSection(ProjectConfigurationPlatforms) = postSolution
		{9A3C2A23-27EE-4F5F-BBAD-07F7CB085A4E}.Debug|Any CPU.ActiveCfg = Debug|Any CPU
		{9A3C2A23-27EE-4F5F-BBAD-07F7CB085A4E}.Debug|Any CPU.Build.0 = Debug|Any CPU
		{9A3C2A23-27EE-4F5F-BBAD-07F7CB085A4E}.Release|Any CPU.ActiveCfg = Release|Any CPU
		{9A3C2A23-27EE-4F5F-BBAD-07F7CB085A4E}.Release|Any CPU.Build.0 = Release|Any CPU
	EndGlobalSection
	GlobalSection(SolutionProperties) = preSolution
		HideSolutionNode = FALSE
	EndGlobalSection
	GlobalSection(ExtensibilityGlobals) = postSolution
		SolutionGuid = {12826DA9-3226-43C6-A7B6-53CEF4490B7A}
	EndGlobalSection
EndGlobal
